
Microsoft Visual Studio Solution File, Format Version 12.00
# Visual Studio Version 17
VisualStudioVersion = 17.13.35828.75 d17.13
MinimumVisualStudioVersion = 10.0.40219.1
Project("{FAE04EC0-301F-11D3-BF4B-00C04F79EFBC}") = "lab4t1", "lab4t1\lab4t1.csproj", "{4CAB9421-C7FF-4F16-8EBE-2DB9EE92F8A3}"
EndProject
Project("{FAE04EC0-301F-11D3-BF4B-00C04F79EFBC}") = "lab4t2", "lab4t2\lab4t2.csproj", "{BA630F5E-23CA-4304-8A21-2629F9B35246}"
EndProject
Project("{FAE04EC0-301F-11D3-BF4B-00C04F79EFBC}") = "lab4t3", "lab4t3\lab4t3.csproj", "{BDEDAA47-D6FC-4BE4-A9CE-ADB6F620F9D1}"
EndProject
Project("{FAE04EC0-301F-11D3-BF4B-00C04F79EFBC}") = "lab4t4", "lab4t4\lab4t4.csproj", "{5EE2003F-00A9-4E08-BC6E-82B04457516E}"
EndProject
Project("{FAE04EC0-301F-11D3-BF4B-00C04F79EFBC}") = "lab4t5", "lab4t5\lab4t5.csproj", "{2B091881-5B0C-4EEC-AF3A-CD06CD235C37}"
EndProject
Project("{FAE04EC0-301F-11D3-BF4B-00C04F79EFBC}") = "lab4t6", "lab4t6\lab4t6.csproj", "{B8AB8F98-9922-46A5-8F8F-D18B5E36A8BC}"
EndProject
Project("{FAE04EC0-301F-11D3-BF4B-00C04F79EFBC}") = "lab4t7", "lab4t7\lab4t7.csproj", "{BEC3E3A6-DFD4-46F7-AAAB-CC5224876F3A}"
EndProject
Project("{FAE04EC0-301F-11D3-BF4B-00C04F79EFBC}") = "lab4t8", "lab4t8\lab4t8.csproj", "{B345858E-6DC3-42F6-A22B-AD531ABC8CAE}"
EndProject
Project("{FAE04EC0-301F-11D3-BF4B-00C04F79EFBC}") = "lab4t9", "lab4t9\lab4t9.csproj", "{84CED6DF-8407-4501-9B70-FE187A1F12FD}"
EndProject
Project("{FAE04EC0-301F-11D3-BF4B-00C04F79EFBC}") = "lab4t10", "lab4t10\lab4t10.csproj", "{95CB0C06-CD2E-4734-8C98-916184726F5F}"
EndProject
Project("{FAE04EC0-301F-11D3-BF4B-00C04F79EFBC}") = "lab4t11", "lab4t11\lab4t11.csproj", "{3C370169-94C9-44FB-B351-42B3506A40CA}"
EndProject
Project("{FAE04EC0-301F-11D3-BF4B-00C04F79EFBC}") = "lab4t12", "lab4t12\lab4t12.csproj", "{2BF14D40-0775-460F-B446-E9AF137F0133}"
EndProject
Project("{FAE04EC0-301F-11D3-BF4B-00C04F79EFBC}") = "lab4t13", "lab4t13\lab4t13.csproj", "{BDC8223C-CEF8-4018-9CCF-5DA5E2274599}"
EndProject
Project("{FAE04EC0-301F-11D3-BF4B-00C04F79EFBC}") = "lab4t14", "lab4t14\lab4t14.csproj", "{0975FD9C-1561-4B9E-A910-D8DAF0AF3DCA}"
EndProject
Project("{FAE04EC0-301F-11D3-BF4B-00C04F79EFBC}") = "lab4t15", "lab4t15\lab4t15.csproj", "{7DCF417D-FF97-4DAB-953B-E79E0824C93A}"
EndProject
Project("{FAE04EC0-301F-11D3-BF4B-00C04F79EFBC}") = "lab4t16", "lab4t16\lab4t16.csproj", "{E1259CE7-33ED-4B49-AFB0-80F96918B746}"
EndProject
Project("{FAE04EC0-301F-11D3-BF4B-00C04F79EFBC}") = "lab4t17", "lab4t17\lab4t17.csproj", "{5766E9D6-6CAA-4864-8143-F73000F895C5}"
EndProject
Project("{FAE04EC0-301F-11D3-BF4B-00C04F79EFBC}") = "lab4t18", "lab4t18\lab4t18.csproj", "{F786A30E-B2F1-43C1-B936-778DE23495F8}"
EndProject
Project("{FAE04EC0-301F-11D3-BF4B-00C04F79EFBC}") = "lab4t19", "lab4t19\lab4t19.csproj", "{19CE5ED5-30F9-457E-A655-1A9605351F31}"
EndProject
Project("{FAE04EC0-301F-11D3-BF4B-00C04F79EFBC}") = "lab4t20", "lab4120\lab4t20.csproj", "{6CA474B5-D18F-457C-99B3-691558E2D4C1}"
EndProject
Project("{FAE04EC0-301F-11D3-BF4B-00C04F79EFBC}") = "lab4t21", "lab4t21\lab4t21.csproj", "{63E3321F-F44B-4FEF-BF13-6151CBCE1EE2}"
EndProject
Project("{FAE04EC0-301F-11D3-BF4B-00C04F79EFBC}") = "lab4t22", "lab4t22\lab4t22.csproj", "{6076D954-1846-4B05-924A-8544E17938C0}"
EndProject
Project("{FAE04EC0-301F-11D3-BF4B-00C04F79EFBC}") = "lab4t23", "lab4t23\lab4t23.csproj", "{B3834BF5-349D-4C03-BCE0-D143F2C43375}"
EndProject
Project("{FAE04EC0-301F-11D3-BF4B-00C04F79EFBC}") = "lab4t24", "lab4t24\lab4t24.csproj", "{69EE9D1C-6477-43B9-915F-D0A67E6A7317}"
EndProject
Project("{FAE04EC0-301F-11D3-BF4B-00C04F79EFBC}") = "lab4t25", "lab4t25\lab4t25.csproj", "{D57717EE-9681-42F5-9AEC-905CDD51E485}"
EndProject
Project("{FAE04EC0-301F-11D3-BF4B-00C04F79EFBC}") = "lab4t26", "lab4t26\lab4t26.csproj", "{435381C0-85D6-4472-8943-D84B6DE79087}"
EndProject
Global
	GlobalSection(SolutionConfigurationPlatforms) = preSolution
		Debug|Any CPU = Debug|Any CPU
		Release|Any CPU = Release|Any CPU
	EndGlobalSection
	GlobalSection(ProjectConfigurationPlatforms) = postSolution
		{4CAB9421-C7FF-4F16-8EBE-2DB9EE92F8A3}.Debug|Any CPU.ActiveCfg = Debug|Any CPU
		{4CAB9421-C7FF-4F16-8EBE-2DB9EE92F8A3}.Debug|Any CPU.Build.0 = Debug|Any CPU
		{4CAB9421-C7FF-4F16-8EBE-2DB9EE92F8A3}.Release|Any CPU.ActiveCfg = Release|Any CPU
		{4CAB9421-C7FF-4F16-8EBE-2DB9EE92F8A3}.Release|Any CPU.Build.0 = Release|Any CPU
		{BA630F5E-23CA-4304-8A21-2629F9B35246}.Debug|Any CPU.ActiveCfg = Debug|Any CPU
		{BA630F5E-23CA-4304-8A21-2629F9B35246}.Debug|Any CPU.Build.0 = Debug|Any CPU
		{BA630F5E-23CA-4304-8A21-2629F9B35246}.Release|Any CPU.ActiveCfg = Release|Any CPU
		{BA630F5E-23CA-4304-8A21-2629F9B35246}.Release|Any CPU.Build.0 = Release|Any CPU
		{BDEDAA47-D6FC-4BE4-A9CE-ADB6F620F9D1}.Debug|Any CPU.ActiveCfg = Debug|Any CPU
		{BDEDAA47-D6FC-4BE4-A9CE-ADB6F620F9D1}.Debug|Any CPU.Build.0 = Debug|Any CPU
		{BDEDAA47-D6FC-4BE4-A9CE-ADB6F620F9D1}.Release|Any CPU.ActiveCfg = Release|Any CPU
		{BDEDAA47-D6FC-4BE4-A9CE-ADB6F620F9D1}.Release|Any CPU.Build.0 = Release|Any CPU
		{5EE2003F-00A9-4E08-BC6E-82B04457516E}.Debug|Any CPU.ActiveCfg = Debug|Any CPU
		{5EE2003F-00A9-4E08-BC6E-82B04457516E}.Debug|Any CPU.Build.0 = Debug|Any CPU
		{5EE2003F-00A9-4E08-BC6E-82B04457516E}.Release|Any CPU.ActiveCfg = Release|Any CPU
		{5EE2003F-00A9-4E08-BC6E-82B04457516E}.Release|Any CPU.Build.0 = Release|Any CPU
		{2B091881-5B0C-4EEC-AF3A-CD06CD235C37}.Debug|Any CPU.ActiveCfg = Debug|Any CPU
		{2B091881-5B0C-4EEC-AF3A-CD06CD235C37}.Debug|Any CPU.Build.0 = Debug|Any CPU
		{2B091881-5B0C-4EEC-AF3A-CD06CD235C37}.Release|Any CPU.ActiveCfg = Release|Any CPU
		{2B091881-5B0C-4EEC-AF3A-CD06CD235C37}.Release|Any CPU.Build.0 = Release|Any CPU
		{B8AB8F98-9922-46A5-8F8F-D18B5E36A8BC}.Debug|Any CPU.ActiveCfg = Debug|Any CPU
		{B8AB8F98-9922-46A5-8F8F-D18B5E36A8BC}.Debug|Any CPU.Build.0 = Debug|Any CPU
		{B8AB8F98-9922-46A5-8F8F-D18B5E36A8BC}.Release|Any CPU.ActiveCfg = Release|Any CPU
		{B8AB8F98-9922-46A5-8F8F-D18B5E36A8BC}.Release|Any CPU.Build.0 = Release|Any CPU
		{BEC3E3A6-DFD4-46F7-AAAB-CC5224876F3A}.Debug|Any CPU.ActiveCfg = Debug|Any CPU
		{BEC3E3A6-DFD4-46F7-AAAB-CC5224876F3A}.Debug|Any CPU.Build.0 = Debug|Any CPU
		{BEC3E3A6-DFD4-46F7-AAAB-CC5224876F3A}.Release|Any CPU.ActiveCfg = Release|Any CPU
		{BEC3E3A6-DFD4-46F7-AAAB-CC5224876F3A}.Release|Any CPU.Build.0 = Release|Any CPU
		{B345858E-6DC3-42F6-A22B-AD531ABC8CAE}.Debug|Any CPU.ActiveCfg = Debug|Any CPU
		{B345858E-6DC3-42F6-A22B-AD531ABC8CAE}.Debug|Any CPU.Build.0 = Debug|Any CPU
		{B345858E-6DC3-42F6-A22B-AD531ABC8CAE}.Release|Any CPU.ActiveCfg = Release|Any CPU
		{B345858E-6DC3-42F6-A22B-AD531ABC8CAE}.Release|Any CPU.Build.0 = Release|Any CPU
		{84CED6DF-8407-4501-9B70-FE187A1F12FD}.Debug|Any CPU.ActiveCfg = Debug|Any CPU
		{84CED6DF-8407-4501-9B70-FE187A1F12FD}.Debug|Any CPU.Build.0 = Debug|Any CPU
		{84CED6DF-8407-4501-9B70-FE187A1F12FD}.Release|Any CPU.ActiveCfg = Release|Any CPU
		{84CED6DF-8407-4501-9B70-FE187A1F12FD}.Release|Any CPU.Build.0 = Release|Any CPU
		{95CB0C06-CD2E-4734-8C98-916184726F5F}.Debug|Any CPU.ActiveCfg = Debug|Any CPU
		{95CB0C06-CD2E-4734-8C98-916184726F5F}.Debug|Any CPU.Build.0 = Debug|Any CPU
		{95CB0C06-CD2E-4734-8C98-916184726F5F}.Release|Any CPU.ActiveCfg = Release|Any CPU
		{95CB0C06-CD2E-4734-8C98-916184726F5F}.Release|Any CPU.Build.0 = Release|Any CPU
		{3C370169-94C9-44FB-B351-42B3506A40CA}.Debug|Any CPU.ActiveCfg = Debug|Any CPU
		{3C370169-94C9-44FB-B351-42B3506A40CA}.Debug|Any CPU.Build.0 = Debug|Any CPU
		{3C370169-94C9-44FB-B351-42B3506A40CA}.Release|Any CPU.ActiveCfg = Release|Any CPU
		{3C370169-94C9-44FB-B351-42B3506A40CA}.Release|Any CPU.Build.0 = Release|Any CPU
		{2BF14D40-0775-460F-B446-E9AF137F0133}.Debug|Any CPU.ActiveCfg = Debug|Any CPU
		{2BF14D40-0775-460F-B446-E9AF137F0133}.Debug|Any CPU.Build.0 = Debug|Any CPU
		{2BF14D40-0775-460F-B446-E9AF137F0133}.Release|Any CPU.ActiveCfg = Release|Any CPU
		{2BF14D40-0775-460F-B446-E9AF137F0133}.Release|Any CPU.Build.0 = Release|Any CPU
		{BDC8223C-CEF8-4018-9CCF-5DA5E2274599}.Debug|Any CPU.ActiveCfg = Debug|Any CPU
		{BDC8223C-CEF8-4018-9CCF-5DA5E2274599}.Debug|Any CPU.Build.0 = Debug|Any CPU
		{BDC8223C-CEF8-4018-9CCF-5DA5E2274599}.Release|Any CPU.ActiveCfg = Release|Any CPU
		{BDC8223C-CEF8-4018-9CCF-5DA5E2274599}.Release|Any CPU.Build.0 = Release|Any CPU
		{0975FD9C-1561-4B9E-A910-D8DAF0AF3DCA}.Debug|Any CPU.ActiveCfg = Debug|Any CPU
		{0975FD9C-1561-4B9E-A910-D8DAF0AF3DCA}.Debug|Any CPU.Build.0 = Debug|Any CPU
		{0975FD9C-1561-4B9E-A910-D8DAF0AF3DCA}.Release|Any CPU.ActiveCfg = Release|Any CPU
		{0975FD9C-1561-4B9E-A910-D8DAF0AF3DCA}.Release|Any CPU.Build.0 = Release|Any CPU
		{7DCF417D-FF97-4DAB-953B-E79E0824C93A}.Debug|Any CPU.ActiveCfg = Debug|Any CPU
		{7DCF417D-FF97-4DAB-953B-E79E0824C93A}.Debug|Any CPU.Build.0 = Debug|Any CPU
		{7DCF417D-FF97-4DAB-953B-E79E0824C93A}.Release|Any CPU.ActiveCfg = Release|Any CPU
		{7DCF417D-FF97-4DAB-953B-E79E0824C93A}.Release|Any CPU.Build.0 = Release|Any CPU
		{E1259CE7-33ED-4B49-AFB0-80F96918B746}.Debug|Any CPU.ActiveCfg = Debug|Any CPU
		{E1259CE7-33ED-4B49-AFB0-80F96918B746}.Debug|Any CPU.Build.0 = Debug|Any CPU
		{E1259CE7-33ED-4B49-AFB0-80F96918B746}.Release|Any CPU.ActiveCfg = Release|Any CPU
		{E1259CE7-33ED-4B49-AFB0-80F96918B746}.Release|Any CPU.Build.0 = Release|Any CPU
		{5766E9D6-6CAA-4864-8143-F73000F895C5}.Debug|Any CPU.ActiveCfg = Debug|Any CPU
		{5766E9D6-6CAA-4864-8143-F73000F895C5}.Debug|Any CPU.Build.0 = Debug|Any CPU
		{5766E9D6-6CAA-4864-8143-F73000F895C5}.Release|Any CPU.ActiveCfg = Release|Any CPU
		{5766E9D6-6CAA-4864-8143-F73000F895C5}.Release|Any CPU.Build.0 = Release|Any CPU
		{F786A30E-B2F1-43C1-B936-778DE23495F8}.Debug|Any CPU.ActiveCfg = Debug|Any CPU
		{F786A30E-B2F1-43C1-B936-778DE23495F8}.Debug|Any CPU.Build.0 = Debug|Any CPU
		{F786A30E-B2F1-43C1-B936-778DE23495F8}.Release|Any CPU.ActiveCfg = Release|Any CPU
		{F786A30E-B2F1-43C1-B936-778DE23495F8}.Release|Any CPU.Build.0 = Release|Any CPU
		{19CE5ED5-30F9-457E-A655-1A9605351F31}.Debug|Any CPU.ActiveCfg = Debug|Any CPU
		{19CE5ED5-30F9-457E-A655-1A9605351F31}.Debug|Any CPU.Build.0 = Debug|Any CPU
		{19CE5ED5-30F9-457E-A655-1A9605351F31}.Release|Any CPU.ActiveCfg = Release|Any CPU
		{19CE5ED5-30F9-457E-A655-1A9605351F31}.Release|Any CPU.Build.0 = Release|Any CPU
		{6CA474B5-D18F-457C-99B3-691558E2D4C1}.Debug|Any CPU.ActiveCfg = Debug|Any CPU
		{6CA474B5-D18F-457C-99B3-691558E2D4C1}.Debug|Any CPU.Build.0 = Debug|Any CPU
		{6CA474B5-D18F-457C-99B3-691558E2D4C1}.Release|Any CPU.ActiveCfg = Release|Any CPU
		{6CA474B5-D18F-457C-99B3-691558E2D4C1}.Release|Any CPU.Build.0 = Release|Any CPU
		{63E3321F-F44B-4FEF-BF13-6151CBCE1EE2}.Debug|Any CPU.ActiveCfg = Debug|Any CPU
		{63E3321F-F44B-4FEF-BF13-6151CBCE1EE2}.Debug|Any CPU.Build.0 = Debug|Any CPU
		{63E3321F-F44B-4FEF-BF13-6151CBCE1EE2}.Release|Any CPU.ActiveCfg = Release|Any CPU
		{63E3321F-F44B-4FEF-BF13-6151CBCE1EE2}.Release|Any CPU.Build.0 = Release|Any CPU
		{6076D954-1846-4B05-924A-8544E17938C0}.Debug|Any CPU.ActiveCfg = Debug|Any CPU
		{6076D954-1846-4B05-924A-8544E17938C0}.Debug|Any CPU.Build.0 = Debug|Any CPU
		{6076D954-1846-4B05-924A-8544E17938C0}.Release|Any CPU.ActiveCfg = Release|Any CPU
		{6076D954-1846-4B05-924A-8544E17938C0}.Release|Any CPU.Build.0 = Release|Any CPU
		{B3834BF5-349D-4C03-BCE0-D143F2C43375}.Debug|Any CPU.ActiveCfg = Debug|Any CPU
		{B3834BF5-349D-4C03-BCE0-D143F2C43375}.Debug|Any CPU.Build.0 = Debug|Any CPU
		{B3834BF5-349D-4C03-BCE0-D143F2C43375}.Release|Any CPU.ActiveCfg = Release|Any CPU
		{B3834BF5-349D-4C03-BCE0-D143F2C43375}.Release|Any CPU.Build.0 = Release|Any CPU
		{69EE9D1C-6477-43B9-915F-D0A67E6A7317}.Debug|Any CPU.ActiveCfg = Debug|Any CPU
		{69EE9D1C-6477-43B9-915F-D0A67E6A7317}.Debug|Any CPU.Build.0 = Debug|Any CPU
		{69EE9D1C-6477-43B9-915F-D0A67E6A7317}.Release|Any CPU.ActiveCfg = Release|Any CPU
		{69EE9D1C-6477-43B9-915F-D0A67E6A7317}.Release|Any CPU.Build.0 = Release|Any CPU
		{D57717EE-9681-42F5-9AEC-905CDD51E485}.Debug|Any CPU.ActiveCfg = Debug|Any CPU
		{D57717EE-9681-42F5-9AEC-905CDD51E485}.Debug|Any CPU.Build.0 = Debug|Any CPU
		{D57717EE-9681-42F5-9AEC-905CDD51E485}.Release|Any CPU.ActiveCfg = Release|Any CPU
		{D57717EE-9681-42F5-9AEC-905CDD51E485}.Release|Any CPU.Build.0 = Release|Any CPU
		{435381C0-85D6-4472-8943-D84B6DE79087}.Debug|Any CPU.ActiveCfg = Debug|Any CPU
		{435381C0-85D6-4472-8943-D84B6DE79087}.Debug|Any CPU.Build.0 = Debug|Any CPU
		{435381C0-85D6-4472-8943-D84B6DE79087}.Release|Any CPU.ActiveCfg = Release|Any CPU
		{435381C0-85D6-4472-8943-D84B6DE79087}.Release|Any CPU.Build.0 = Release|Any CPU
	EndGlobalSection
	GlobalSection(SolutionProperties) = preSolution
		HideSolutionNode = FALSE
	EndGlobalSection
	GlobalSection(ExtensibilityGlobals) = postSolution
		SolutionGuid = {CA4113CC-FCD8-4C4A-9545-0F51E287D391}
	EndGlobalSection
EndGlobal
